
Microsoft Visual Studio Solution File, Format Version 12.00
# Visual Studio Version 17
VisualStudioVersion = 17.5.002.0
MinimumVisualStudioVersion = 10.0.40219.1
Project("{9A19103F-16F7-4668-BE54-9A1E7A4F7556}") = "exercise6", "exercise6.csproj", "{58212547-7695-4890-84EF-D588B502089F}"
EndProject
Global
	GlobalSection(SolutionConfigurationPlatforms) = preSolution
		Debug|Any CPU = Debug|Any CPU
		Release|Any CPU = Release|Any CPU
	EndGlobalSection
	GlobalSection(ProjectConfigurationPlatforms) = postSolution
		{58212547-7695-4890-84EF-D588B502089F}.Debug|Any CPU.ActiveCfg = Debug|Any CPU
		{58212547-7695-4890-84EF-D588B502089F}.Debug|Any CPU.Build.0 = Debug|Any CPU
		{58212547-7695-4890-84EF-D588B502089F}.Release|Any CPU.ActiveCfg = Release|Any CPU
		{58212547-7695-4890-84EF-D588B502089F}.Release|Any CPU.Build.0 = Release|Any CPU
	EndGlobalSection
	GlobalSection(SolutionProperties) = preSolution
		HideSolutionNode = FALSE
	EndGlobalSection
	GlobalSection(ExtensibilityGlobals) = postSolution
		SolutionGuid = {EE59B017-84B4-43CC-8497-6DFD00462AA6}
	EndGlobalSection
EndGlobal
